// !$*UTF8*$!
{
	archiveVersion = 1;
	classes = {
	};
	objectVersion = 46;
	objects = {

/* Begin PBXBuildFile section */
		19B12E8E19FC8AAF0068F41C /* AppDelegate.swift in Sources */ = {isa = PBXBuildFile; fileRef = 19B12E8D19FC8AAF0068F41C /* AppDelegate.swift */; };
		19B12E9019FC8AAF0068F41C /* ViewController.swift in Sources */ = {isa = PBXBuildFile; fileRef = 19B12E8F19FC8AAF0068F41C /* ViewController.swift */; };
		19B12E9319FC8AAF0068F41C /* Main.storyboard in Resources */ = {isa = PBXBuildFile; fileRef = 19B12E9119FC8AAF0068F41C /* Main.storyboard */; };
		19B12E9519FC8AAF0068F41C /* Images.xcassets in Resources */ = {isa = PBXBuildFile; fileRef = 19B12E9419FC8AAF0068F41C /* Images.xcassets */; };
		19B12E9819FC8AAF0068F41C /* LaunchScreen.xib in Resources */ = {isa = PBXBuildFile; fileRef = 19B12E9619FC8AAF0068F41C /* LaunchScreen.xib */; };
		19B12EA419FC8AAF0068F41C /* My_Freaking_AppTests.swift in Sources */ = {isa = PBXBuildFile; fileRef = 19B12EA319FC8AAF0068F41C /* My_Freaking_AppTests.swift */; };
/* End PBXBuildFile section */

/* Begin PBXContainerItemProxy section */
		19B12E9E19FC8AAF0068F41C /* PBXContainerItemProxy */ = {
			isa = PBXContainerItemProxy;
			containerPortal = 19B12E8019FC8AAE0068F41C /* Project object */;
			proxyType = 1;
			remoteGlobalIDString = 19B12E8719FC8AAE0068F41C;
			remoteInfo = "My Freaking App";
		};
/* End PBXContainerItemProxy section */

/* Begin PBXFileReference section */
		19B12E8819FC8AAF0068F41C /* My Freaking App.app */ = {isa = PBXFileReference; explicitFileType = wrapper.application; includeInIndex = 0; path = "My Freaking App.app"; sourceTree = BUILT_PRODUCTS_DIR; };
		19B12E8C19FC8AAF0068F41C /* Info.plist */ = {isa = PBXFileReference; lastKnownFileType = text.plist.xml; path = Info.plist; sourceTree = "<group>"; };
		19B12E8D19FC8AAF0068F41C /* AppDelegate.swift */ = {isa = PBXFileReference; lastKnownFileType = sourcecode.swift; path = AppDelegate.swift; sourceTree = "<group>"; };
		19B12E8F19FC8AAF0068F41C /* ViewController.swift */ = {isa = PBXFileReference; lastKnownFileType = sourcecode.swift; path = ViewController.swift; sourceTree = "<group>"; };
		19B12E9219FC8AAF0068F41C /* Base */ = {isa = PBXFileReference; lastKnownFileType = file.storyboard; name = Base; path = Base.lproj/Main.storyboard; sourceTree = "<group>"; };
		19B12E9419FC8AAF0068F41C /* Images.xcassets */ = {isa = PBXFileReference; lastKnownFileType = folder.assetcatalog; path = Images.xcassets; sourceTree = "<group>"; };
		19B12E9719FC8AAF0068F41C /* Base */ = {isa = PBXFileReference; lastKnownFileType = file.xib; name = Base; path = Base.lproj/LaunchScreen.xib; sourceTree = "<group>"; };
		19B12E9D19FC8AAF0068F41C /* My Freaking AppTests.xctest */ = {isa = PBXFileReference; explicitFileType = wrapper.cfbundle; includeInIndex = 0; path = "My Freaking AppTests.xctest"; sourceTree = BUILT_PRODUCTS_DIR; };
		19B12EA219FC8AAF0068F41C /* Info.plist */ = {isa = PBXFileReference; lastKnownFileType = text.plist.xml; path = Info.plist; sourceTree = "<group>"; };
		19B12EA319FC8AAF0068F41C /* My_Freaking_AppTests.swift */ = {isa = PBXFileReference; lastKnownFileType = sourcecode.swift; path = My_Freaking_AppTests.swift; sourceTree = "<group>"; };
/* End PBXFileReference section */

/* Begin PBXFrameworksBuildPhase section */
		19B12E8519FC8AAE0068F41C /* Frameworks */ = {
			isa = PBXFrameworksBuildPhase;
			buildActionMask = 2147483647;
			files = (
			);
			runOnlyForDeploymentPostprocessing = 0;
		};
		19B12E9A19FC8AAF0068F41C /* Frameworks */ = {
			isa = PBXFrameworksBuildPhase;
			buildActionMask = 2147483647;
			files = (
			);
			runOnlyForDeploymentPostprocessing = 0;
		};
/* End PBXFrameworksBuildPhase section */

/* Begin PBXGroup section */
		19B12E7F19FC8AAE0068F41C = {
			isa = PBXGroup;
			children = (
				19B12E8A19FC8AAF0068F41C /* My Freaking App */,
				19B12EA019FC8AAF0068F41C /* My Freaking AppTests */,
				19B12E8919FC8AAF0068F41C /* Products */,
			);
			sourceTree = "<group>";
		};
		19B12E8919FC8AAF0068F41C /* Products */ = {
			isa = PBXGroup;
			children = (
				19B12E8819FC8AAF0068F41C /* My Freaking App.app */,
				19B12E9D19FC8AAF0068F41C /* My Freaking AppTests.xctest */,
			);
			name = Products;
			sourceTree = "<group>";
		};
		19B12E8A19FC8AAF0068F41C /* My Freaking App */ = {
			isa = PBXGroup;
			children = (
				19B12E8D19FC8AAF0068F41C /* AppDelegate.swift */,
				19B12E8F19FC8AAF0068F41C /* ViewController.swift */,
				19B12E9119FC8AAF0068F41C /* Main.storyboard */,
				19B12E9419FC8AAF0068F41C /* Images.xcassets */,
				19B12E9619FC8AAF0068F41C /* LaunchScreen.xib */,
				19B12E8B19FC8AAF0068F41C /* Supporting Files */,
			);
			path = "My Freaking App";
			sourceTree = "<group>";
		};
		19B12E8B19FC8AAF0068F41C /* Supporting Files */ = {
			isa = PBXGroup;
			children = (
				19B12E8C19FC8AAF0068F41C /* Info.plist */,
			);
			name = "Supporting Files";
			sourceTree = "<group>";
		};
		19B12EA019FC8AAF0068F41C /* My Freaking AppTests */ = {
			isa = PBXGroup;
			children = (
				19B12EA319FC8AAF0068F41C /* My_Freaking_AppTests.swift */,
				19B12EA119FC8AAF0068F41C /* Supporting Files */,
			);
			path = "My Freaking AppTests";
			sourceTree = "<group>";
		};
		19B12EA119FC8AAF0068F41C /* Supporting Files */ = {
			isa = PBXGroup;
			children = (
				19B12EA219FC8AAF0068F41C /* Info.plist */,
			);
			name = "Supporting Files";
			sourceTree = "<group>";
		};
/* End PBXGroup section */

/* Begin PBXNativeTarget section */
		19B12E8719FC8AAE0068F41C /* My Freaking App */ = {
			isa = PBXNativeTarget;
			buildConfigurationList = 19B12EA719FC8AAF0068F41C /* Build configuration list for PBXNativeTarget "My Freaking App" */;
			buildPhases = (
				19B12E8419FC8AAE0068F41C /* Sources */,
				19B12E8519FC8AAE0068F41C /* Frameworks */,
				19B12E8619FC8AAE0068F41C /* Resources */,
			);
			buildRules = (
			);
			dependencies = (
			);
			name = "My Freaking App";
			productName = "My Freaking App";
			productReference = 19B12E8819FC8AAF0068F41C /* My Freaking App.app */;
			productType = "com.apple.product-type.application";
		};
		19B12E9C19FC8AAF0068F41C /* My Freaking AppTests */ = {
			isa = PBXNativeTarget;
			buildConfigurationList = 19B12EAA19FC8AAF0068F41C /* Build configuration list for PBXNativeTarget "My Freaking AppTests" */;
			buildPhases = (
				19B12E9919FC8AAF0068F41C /* Sources */,
				19B12E9A19FC8AAF0068F41C /* Frameworks */,
				19B12E9B19FC8AAF0068F41C /* Resources */,
			);
			buildRules = (
			);
			dependencies = (
				19B12E9F19FC8AAF0068F41C /* PBXTargetDependency */,
			);
			name = "My Freaking AppTests";
			productName = "My Freaking AppTests";
			productReference = 19B12E9D19FC8AAF0068F41C /* My Freaking AppTests.xctest */;
			productType = "com.apple.product-type.bundle.unit-test";
		};
/* End PBXNativeTarget section */

/* Begin PBXProject section */
		19B12E8019FC8AAE0068F41C /* Project object */ = {
			isa = PBXProject;
			attributes = {
				LastUpgradeCheck = 0610;
				ORGANIZATIONNAME = "sebastian king";
				TargetAttributes = {
					19B12E8719FC8AAE0068F41C = {
						CreatedOnToolsVersion = 6.1;
					};
					19B12E9C19FC8AAF0068F41C = {
						CreatedOnToolsVersion = 6.1;
						TestTargetID = 19B12E8719FC8AAE0068F41C;
					};
				};
			};
			buildConfigurationList = 19B12E8319FC8AAE0068F41C /* Build configuration list for PBXProject "My Freaking App" */;
			compatibilityVersion = "Xcode 3.2";
			developmentRegion = English;
			hasScannedForEncodings = 0;
			knownRegions = (
				en,
				Base,
			);
			mainGroup = 19B12E7F19FC8AAE0068F41C;
			productRefGroup = 19B12E8919FC8AAF0068F41C /* Products */;
			projectDirPath = "";
			projectRoot = "";
			targets = (
				19B12E8719FC8AAE0068F41C /* My Freaking App */,
				19B12E9C19FC8AAF0068F41C /* My Freaking AppTests */,
			);
		};
/* End PBXProject section */

/* Begin PBXResourcesBuildPhase section */
		19B12E8619FC8AAE0068F41C /* Resources */ = {
			isa = PBXResourcesBuildPhase;
			buildActionMask = 2147483647;
			files = (
				19B12E9319FC8AAF0068F41C /* Main.storyboard in Resources */,
				19B12E9819FC8AAF0068F41C /* LaunchScreen.xib in Resources */,
				19B12E9519FC8AAF0068F41C /* Images.xcassets in Resources */,
			);
			runOnlyForDeploymentPostprocessing = 0;
		};
		19B12E9B19FC8AAF0068F41C /* Resources */ = {
			isa = PBXResourcesBuildPhase;
			buildActionMask = 2147483647;
			files = (
			);
			runOnlyForDeploymentPostprocessing = 0;
		};
/* End PBXResourcesBuildPhase section */

/* Begin PBXSourcesBuildPhase section */
		19B12E8419FC8AAE0068F41C /* Sources */ = {
			isa = PBXSourcesBuildPhase;
			buildActionMask = 2147483647;
			files = (
				19B12E9019FC8AAF0068F41C /* ViewController.swift in Sources */,
				19B12E8E19FC8AAF0068F41C /* AppDelegate.swift in Sources */,
			);
			runOnlyForDeploymentPostprocessing = 0;
		};
		19B12E9919FC8AAF0068F41C /* Sources */ = {
			isa = PBXSourcesBuildPhase;
			buildActionMask = 2147483647;
			files = (
				19B12EA419FC8AAF0068F41C /* My_Freaking_AppTests.swift in Sources */,
			);
			runOnlyForDeploymentPostprocessing = 0;
		};
/* End PBXSourcesBuildPhase section */

/* Begin PBXTargetDependency section */
		19B12E9F19FC8AAF0068F41C /* PBXTargetDependency */ = {
			isa = PBXTargetDependency;
			target = 19B12E8719FC8AAE0068F41C /* My Freaking App */;
			targetProxy = 19B12E9E19FC8AAF0068F41C /* PBXContainerItemProxy */;
		};
/* End PBXTargetDependency section */

/* Begin PBXVariantGroup section */
		19B12E9119FC8AAF0068F41C /* Main.storyboard */ = {
			isa = PBXVariantGroup;
			children = (
				19B12E9219FC8AAF0068F41C /* Base */,
			);
			name = Main.storyboard;
			sourceTree = "<group>";
		};
		19B12E9619FC8AAF0068F41C /* LaunchScreen.xib */ = {
			isa = PBXVariantGroup;
			children = (
				19B12E9719FC8AAF0068F41C /* Base */,
			);
			name = LaunchScreen.xib;
			sourceTree = "<group>";
		};
/* End PBXVariantGroup section */

/* Begin XCBuildConfiguration section */
		19B12EA519FC8AAF0068F41C /* Debug */ = {
			isa = XCBuildConfiguration;
			buildSettings = {
				ALWAYS_SEARCH_USER_PATHS = NO;
				CLANG_CXX_LANGUAGE_STANDARD = "gnu++0x";
				CLANG_CXX_LIBRARY = "libc++";
				CLANG_ENABLE_MODULES = YES;
				CLANG_ENABLE_OBJC_ARC = YES;
				CLANG_WARN_BOOL_CONVERSION = YES;
				CLANG_WARN_CONSTANT_CONVERSION = YES;
				CLANG_WARN_DIRECT_OBJC_ISA_USAGE = YES_ERROR;
				CLANG_WARN_EMPTY_BODY = YES;
				CLANG_WARN_ENUM_CONVERSION = YES;
				CLANG_WARN_INT_CONVERSION = YES;
				CLANG_WARN_OBJC_ROOT_CLASS = YES_ERROR;
				CLANG_WARN_UNREACHABLE_CODE = YES;
				CLANG_WARN__DUPLICATE_METHOD_MATCH = YES;
				"CODE_SIGN_IDENTITY[sdk=iphoneos*]" = "iPhone Developer";
				COPY_PHASE_STRIP = NO;
				ENABLE_STRICT_OBJC_MSGSEND = YES;
				GCC_C_LANGUAGE_STANDARD = gnu99;
				GCC_DYNAMIC_NO_PIC = NO;
				GCC_OPTIMIZATION_LEVEL = 0;
				GCC_PREPROCESSOR_DEFINITIONS = (
					"DEBUG=1",
					"$(inherited)",
				);
				GCC_SYMBOLS_PRIVATE_EXTERN = NO;
				GCC_WARN_64_TO_32_BIT_CONVERSION = YES;
				GCC_WARN_ABOUT_RETURN_TYPE = YES_ERROR;
				GCC_WARN_UNDECLARED_SELECTOR = YES;
				GCC_WARN_UNINITIALIZED_AUTOS = YES_AGGRESSIVE;
				GCC_WARN_UNUSED_FUNCTION = YES;
				GCC_WARN_UNUSED_VARIABLE = YES;
				IPHONEOS_DEPLOYMENT_TARGET = 8.1;
				MTL_ENABLE_DEBUG_INFO = YES;
				ONLY_ACTIVE_ARCH = YES;
				SDKROOT = iphoneos;
				SWIFT_OPTIMIZATION_LEVEL = "-Onone";
				TARGETED_DEVICE_FAMILY = "1,2";
			};
			name = Debug;
		};
		19B12EA619FC8AAF0068F41C /* Release */ = {
			isa = XCBuildConfiguration;
			buildSettings = {
				ALWAYS_SEARCH_USER_PATHS = NO;
				CLANG_CXX_LANGUAGE_STANDARD = "gnu++0x";
				CLANG_CXX_LIBRARY = "libc++";
				CLANG_ENABLE_MODULES = YES;
				CLANG_ENABLE_OBJC_ARC = YES;
				CLANG_WARN_BOOL_CONVERSION = YES;
				CLANG_WARN_CONSTANT_CONVERSION = YES;
				CLANG_WARN_DIRECT_OBJC_ISA_USAGE = YES_ERROR;
				CLANG_WARN_EMPTY_BODY = YES;
				CLANG_WARN_ENUM_CONVERSION = YES;
				CLANG_WARN_INT_CONVERSION = YES;
				CLANG_WARN_OBJC_ROOT_CLASS = YES_ERROR;
				CLANG_WARN_UNREACHABLE_CODE = YES;
				CLANG_WARN__DUPLICATE_METHOD_MATCH = YES;
				"CODE_SIGN_IDENTITY[sdk=iphoneos*]" = "iPhone Developer";
				COPY_PHASE_STRIP = YES;
				ENABLE_NS_ASSERTIONS = NO;
				ENABLE_STRICT_OBJC_MSGSEND = YES;
				GCC_C_LANGUAGE_STANDARD = gnu99;
				GCC_WARN_64_TO_32_BIT_CONVERSION = YES;
				GCC_WARN_ABOUT_RETURN_TYPE = YES_ERROR;
				GCC_WARN_UNDECLARED_SELECTOR = YES;
				GCC_WARN_UNINITIALIZED_AUTOS = YES_AGGRESSIVE;
				GCC_WARN_UNUSED_FUNCTION = YES;
				GCC_WARN_UNUSED_VARIABLE = YES;
				IPHONEOS_DEPLOYMENT_TARGET = 8.1;
				MTL_ENABLE_DEBUG_INFO = NO;
				SDKROOT = iphoneos;
				TARGETED_DEVICE_FAMILY = "1,2";
				VALIDATE_PRODUCT = YES;
			};
			name = Release;
		};
		19B12EA819FC8AAF0068F41C /* Debug */ = {
			isa = XCBuildConfiguration;
			buildSettings = {
				ASSETCATALOG_COMPILER_APPICON_NAME = AppIcon;
				INFOPLIST_FILE = "My Freaking App/Info.plist";
				LD_RUNPATH_SEARCH_PATHS = "$(inherited) @executable_path/Frameworks";
				PRODUCT_NAME = "$(TARGET_NAME)";
			};
			name = Debug;
		};
		19B12EA919FC8AAF0068F41C /* Release */ = {
			isa = XCBuildConfiguration;
			buildSettings = {
				ASSETCATALOG_COMPILER_APPICON_NAME = AppIcon;
				INFOPLIST_FILE = "My Freaking App/Info.plist";
				LD_RUNPATH_SEARCH_PATHS = "$(inherited) @executable_path/Frameworks";
				PRODUCT_NAME = "$(TARGET_NAME)";
			};
			name = Release;
		};
		19B12EAB19FC8AAF0068F41C /* Debug */ = {
			isa = XCBuildConfiguration;
			buildSettings = {
				BUNDLE_LOADER = "$(TEST_HOST)";
				FRAMEWORK_SEARCH_PATHS = (
					"$(SDKROOT)/Developer/Library/Frameworks",
					"$(inherited)",
				);
				GCC_PREPROCESSOR_DEFINITIONS = (
					"DEBUG=1",
					"$(inherited)",
				);
				INFOPLIST_FILE = "My Freaking AppTests/Info.plist";
				LD_RUNPATH_SEARCH_PATHS = "$(inherited) @executable_path/Frameworks @loader_path/Frameworks";
				PRODUCT_NAME = "$(TARGET_NAME)";
				TEST_HOST = "$(BUILT_PRODUCTS_DIR)/My Freaking App.app/My Freaking App";
			};
			name = Debug;
		};
		19B12EAC19FC8AAF0068F41C /* Release */ = {
			isa = XCBuildConfiguration;
			buildSettings = {
				BUNDLE_LOADER = "$(TEST_HOST)";
				FRAMEWORK_SEARCH_PATHS = (
					"$(SDKROOT)/Developer/Library/Frameworks",
					"$(inherited)",
				);
				INFOPLIST_FILE = "My Freaking AppTests/Info.plist";
				LD_RUNPATH_SEARCH_PATHS = "$(inherited) @executable_path/Frameworks @loader_path/Frameworks";
				PRODUCT_NAME = "$(TARGET_NAME)";
				TEST_HOST = "$(BUILT_PRODUCTS_DIR)/My Freaking App.app/My Freaking App";
			};
			name = Release;
		};
/* End XCBuildConfiguration section */

/* Begin XCConfigurationList section */
		19B12E8319FC8AAE0068F41C /* Build configuration list for PBXProject "My Freaking App" */ = {
			isa = XCConfigurationList;
			buildConfigurations = (
				19B12EA519FC8AAF0068F41C /* Debug */,
				19B12EA619FC8AAF0068F41C /* Release */,
			);
			defaultConfigurationIsVisible = 0;
			defaultConfigurationName = Release;
		};
		19B12EA719FC8AAF0068F41C /* Build configuration list for PBXNativeTarget "My Freaking App" */ = {
			isa = XCConfigurationList;
			buildConfigurations = (
				19B12EA819FC8AAF0068F41C /* Debug */,
				19B12EA919FC8AAF0068F41C /* Release */,
			);
			defaultConfigurationIsVisible = 0;
		};
		19B12EAA19FC8AAF0068F41C /* Build configuration list for PBXNativeTarget "My Freaking AppTests" */ = {
			isa = XCConfigurationList;
			buildConfigurations = (
				19B12EAB19FC8AAF0068F41C /* Debug */,
				19B12EAC19FC8AAF0068F41C /* Release */,
			);
			defaultConfigurationIsVisible = 0;
		};
/* End XCConfigurationList section */
	};
	rootObject = 19B12E8019FC8AAE0068F41C /* Project object */;
}
